{
  "originHash" : "725b727726f44d13bac5d033035bdfabb9b374114d09c2a23f1d7fed0cf14f2b",
  "pins" : [
    {
      "identity" : "swift-mime",
      "kind" : "remoteSourceControl",
      "location" : "https://github.com/nathanborror/swift-mime",
      "state" : {
        "branch" : "main",
        "revision" : "630de093e670692229d0c0e364a1cd89e99314b8"
      }
    }
  ],
  "version" : 3
}
