{
  "originHash" : "76f5a108aceae482b06fccc90699c8d42422c8da580d1f9ec6905e1182c6f789",
  "pins" : [
    {
      "identity" : "swift-mime",
      "kind" : "remoteSourceControl",
      "location" : "https://github.com/nathanborror/swift-mime",
      "state" : {
        "branch" : "main",
        "revision" : "4778d8fe7d21eb3c362f26e5eb1a323a1f1722aa"
      }
    }
  ],
  "version" : 3
}
